// !$*UTF8*$!
{
	archiveVersion = 1;
	classes = {
	};
	objectVersion = 56;
	objects = {

/* Begin PBXBuildFile section */
		E436845C29B8E49500141ACB /* AppDelegate.swift in Sources */ = {isa = PBXBuildFile; fileRef = E436845B29B8E49500141ACB /* AppDelegate.swift */; };
		E436845E29B8E49500141ACB /* SceneDelegate.swift in Sources */ = {isa = PBXBuildFile; fileRef = E436845D29B8E49500141ACB /* SceneDelegate.swift */; };
		E436846029B8E49500141ACB /* ViewController.swift in Sources */ = {isa = PBXBuildFile; fileRef = E436845F29B8E49500141ACB /* ViewController.swift */; };
		E436846329B8E49500141ACB /* Main.storyboard in Resources */ = {isa = PBXBuildFile; fileRef = E436846129B8E49500141ACB /* Main.storyboard */; };
		E436846529B8E49600141ACB /* Assets.xcassets in Resources */ = {isa = PBXBuildFile; fileRef = E436846429B8E49600141ACB /* Assets.xcassets */; };
		E436846829B8E49600141ACB /* LaunchScreen.storyboard in Resources */ = {isa = PBXBuildFile; fileRef = E436846629B8E49600141ACB /* LaunchScreen.storyboard */; };
		E4FE9BAB29B8FED900DD923C /* test_CircleTests.swift in Sources */ = {isa = PBXBuildFile; fileRef = E4FE9BAA29B8FED900DD923C /* test_CircleTests.swift */; };
/* End PBXBuildFile section */

/* Begin PBXContainerItemProxy section */
		E4FE9BAC29B8FED900DD923C /* PBXContainerItemProxy */ = {
			isa = PBXContainerItemProxy;
			containerPortal = E436845029B8E49500141ACB /* Project object */;
			proxyType = 1;
			remoteGlobalIDString = E436845729B8E49500141ACB;
			remoteInfo = "test-Circle";
		};
/* End PBXContainerItemProxy section */

/* Begin PBXFileReference section */
		E436845829B8E49500141ACB /* test-Circle.app */ = {isa = PBXFileReference; explicitFileType = wrapper.application; includeInIndex = 0; path = "test-Circle.app"; sourceTree = BUILT_PRODUCTS_DIR; };
		E436845B29B8E49500141ACB /* AppDelegate.swift */ = {isa = PBXFileReference; lastKnownFileType = sourcecode.swift; path = AppDelegate.swift; sourceTree = "<group>"; };
		E436845D29B8E49500141ACB /* SceneDelegate.swift */ = {isa = PBXFileReference; lastKnownFileType = sourcecode.swift; path = SceneDelegate.swift; sourceTree = "<group>"; };
		E436845F29B8E49500141ACB /* ViewController.swift */ = {isa = PBXFileReference; lastKnownFileType = sourcecode.swift; path = ViewController.swift; sourceTree = "<group>"; };
		E436846229B8E49500141ACB /* Base */ = {isa = PBXFileReference; lastKnownFileType = file.storyboard; name = Base; path = Base.lproj/Main.storyboard; sourceTree = "<group>"; };
		E436846429B8E49600141ACB /* Assets.xcassets */ = {isa = PBXFileReference; lastKnownFileType = folder.assetcatalog; path = Assets.xcassets; sourceTree = "<group>"; };
		E436846729B8E49600141ACB /* Base */ = {isa = PBXFileReference; lastKnownFileType = file.storyboard; name = Base; path = Base.lproj/LaunchScreen.storyboard; sourceTree = "<group>"; };
		E436846929B8E49600141ACB /* Info.plist */ = {isa = PBXFileReference; lastKnownFileType = text.plist.xml; path = Info.plist; sourceTree = "<group>"; };
		E4FE9BA829B8FED900DD923C /* test-CircleTests.xctest */ = {isa = PBXFileReference; explicitFileType = wrapper.cfbundle; includeInIndex = 0; path = "test-CircleTests.xctest"; sourceTree = BUILT_PRODUCTS_DIR; };
		E4FE9BAA29B8FED900DD923C /* test_CircleTests.swift */ = {isa = PBXFileReference; lastKnownFileType = sourcecode.swift; path = test_CircleTests.swift; sourceTree = "<group>"; };
/* End PBXFileReference section */

/* Begin PBXFrameworksBuildPhase section */
		E436845529B8E49500141ACB /* Frameworks */ = {
			isa = PBXFrameworksBuildPhase;
			buildActionMask = 2147483647;
			files = (
			);
			runOnlyForDeploymentPostprocessing = 0;
		};
		E4FE9BA529B8FED900DD923C /* Frameworks */ = {
			isa = PBXFrameworksBuildPhase;
			buildActionMask = 2147483647;
			files = (
			);
			runOnlyForDeploymentPostprocessing = 0;
		};
/* End PBXFrameworksBuildPhase section */

/* Begin PBXGroup section */
		E436844F29B8E49500141ACB = {
			isa = PBXGroup;
			children = (
				E436845A29B8E49500141ACB /* test-Circle */,
				E4FE9BA929B8FED900DD923C /* test-CircleTests */,
				E436845929B8E49500141ACB /* Products */,
			);
			sourceTree = "<group>";
		};
		E436845929B8E49500141ACB /* Products */ = {
			isa = PBXGroup;
			children = (
				E436845829B8E49500141ACB /* test-Circle.app */,
				E4FE9BA829B8FED900DD923C /* test-CircleTests.xctest */,
			);
			name = Products;
			sourceTree = "<group>";
		};
		E436845A29B8E49500141ACB /* test-Circle */ = {
			isa = PBXGroup;
			children = (
				E436845B29B8E49500141ACB /* AppDelegate.swift */,
				E436845D29B8E49500141ACB /* SceneDelegate.swift */,
				E436845F29B8E49500141ACB /* ViewController.swift */,
				E436846129B8E49500141ACB /* Main.storyboard */,
				E436846429B8E49600141ACB /* Assets.xcassets */,
				E436846629B8E49600141ACB /* LaunchScreen.storyboard */,
				E436846929B8E49600141ACB /* Info.plist */,
			);
			path = "test-Circle";
			sourceTree = "<group>";
		};
		E4FE9BA929B8FED900DD923C /* test-CircleTests */ = {
			isa = PBXGroup;
			children = (
				E4FE9BAA29B8FED900DD923C /* test_CircleTests.swift */,
			);
			path = "test-CircleTests";
			sourceTree = "<group>";
		};
/* End PBXGroup section */

/* Begin PBXNativeTarget section */
		E436845729B8E49500141ACB /* test-Circle */ = {
			isa = PBXNativeTarget;
			buildConfigurationList = E436846C29B8E49600141ACB /* Build configuration list for PBXNativeTarget "test-Circle" */;
			buildPhases = (
				E436845429B8E49500141ACB /* Sources */,
				E436845529B8E49500141ACB /* Frameworks */,
				E436845629B8E49500141ACB /* Resources */,
			);
			buildRules = (
			);
			dependencies = (
			);
			name = "test-Circle";
			productName = "test-Circle";
			productReference = E436845829B8E49500141ACB /* test-Circle.app */;
			productType = "com.apple.product-type.application";
		};
		E4FE9BA729B8FED900DD923C /* test-CircleTests */ = {
			isa = PBXNativeTarget;
			buildConfigurationList = E4FE9BB029B8FED900DD923C /* Build configuration list for PBXNativeTarget "test-CircleTests" */;
			buildPhases = (
				E4FE9BA429B8FED900DD923C /* Sources */,
				E4FE9BA529B8FED900DD923C /* Frameworks */,
				E4FE9BA629B8FED900DD923C /* Resources */,
			);
			buildRules = (
			);
			dependencies = (
				E4FE9BAD29B8FED900DD923C /* PBXTargetDependency */,
			);
			name = "test-CircleTests";
			productName = "test-CircleTests";
			productReference = E4FE9BA829B8FED900DD923C /* test-CircleTests.xctest */;
			productType = "com.apple.product-type.bundle.unit-test";
		};
/* End PBXNativeTarget section */

/* Begin PBXProject section */
		E436845029B8E49500141ACB /* Project object */ = {
			isa = PBXProject;
			attributes = {
				BuildIndependentTargetsInParallel = 1;
				LastSwiftUpdateCheck = 1420;
				LastUpgradeCheck = 1420;
				TargetAttributes = {
					E436845729B8E49500141ACB = {
						CreatedOnToolsVersion = 14.2;
					};
					E4FE9BA729B8FED900DD923C = {
						CreatedOnToolsVersion = 14.2;
						TestTargetID = E436845729B8E49500141ACB;
					};
				};
			};
			buildConfigurationList = E436845329B8E49500141ACB /* Build configuration list for PBXProject "test-Circle" */;
			compatibilityVersion = "Xcode 14.0";
			developmentRegion = en;
			hasScannedForEncodings = 0;
			knownRegions = (
				en,
				Base,
			);
			mainGroup = E436844F29B8E49500141ACB;
			productRefGroup = E436845929B8E49500141ACB /* Products */;
			projectDirPath = "";
			projectRoot = "";
			targets = (
				E436845729B8E49500141ACB /* test-Circle */,
				E4FE9BA729B8FED900DD923C /* test-CircleTests */,
			);
		};
/* End PBXProject section */

/* Begin PBXResourcesBuildPhase section */
		E436845629B8E49500141ACB /* Resources */ = {
			isa = PBXResourcesBuildPhase;
			buildActionMask = 2147483647;
			files = (
				E436846829B8E49600141ACB /* LaunchScreen.storyboard in Resources */,
				E436846529B8E49600141ACB /* Assets.xcassets in Resources */,
				E436846329B8E49500141ACB /* Main.storyboard in Resources */,
			);
			runOnlyForDeploymentPostprocessing = 0;
		};
		E4FE9BA629B8FED900DD923C /* Resources */ = {
			isa = PBXResourcesBuildPhase;
			buildActionMask = 2147483647;
			files = (
			);
			runOnlyForDeploymentPostprocessing = 0;
		};
/* End PBXResourcesBuildPhase section */

/* Begin PBXSourcesBuildPhase section */
		E436845429B8E49500141ACB /* Sources */ = {
			isa = PBXSourcesBuildPhase;
			buildActionMask = 2147483647;
			files = (
				E436846029B8E49500141ACB /* ViewController.swift in Sources */,
				E436845C29B8E49500141ACB /* AppDelegate.swift in Sources */,
				E436845E29B8E49500141ACB /* SceneDelegate.swift in Sources */,
			);
			runOnlyForDeploymentPostprocessing = 0;
		};
		E4FE9BA429B8FED900DD923C /* Sources */ = {
			isa = PBXSourcesBuildPhase;
			buildActionMask = 2147483647;
			files = (
				E4FE9BAB29B8FED900DD923C /* test_CircleTests.swift in Sources */,
			);
			runOnlyForDeploymentPostprocessing = 0;
		};
/* End PBXSourcesBuildPhase section */

/* Begin PBXTargetDependency section */
		E4FE9BAD29B8FED900DD923C /* PBXTargetDependency */ = {
			isa = PBXTargetDependency;
			target = E436845729B8E49500141ACB /* test-Circle */;
			targetProxy = E4FE9BAC29B8FED900DD923C /* PBXContainerItemProxy */;
		};
/* End PBXTargetDependency section */

/* Begin PBXVariantGroup section */
		E436846129B8E49500141ACB /* Main.storyboard */ = {
			isa = PBXVariantGroup;
			children = (
				E436846229B8E49500141ACB /* Base */,
			);
			name = Main.storyboard;
			sourceTree = "<group>";
		};
		E436846629B8E49600141ACB /* LaunchScreen.storyboard */ = {
			isa = PBXVariantGroup;
			children = (
				E436846729B8E49600141ACB /* Base */,
			);
			name = LaunchScreen.storyboard;
			sourceTree = "<group>";
		};
/* End PBXVariantGroup section */

/* Begin XCBuildConfiguration section */
		E436846A29B8E49600141ACB /* Debug */ = {
			isa = XCBuildConfiguration;
			buildSettings = {
				ALWAYS_SEARCH_USER_PATHS = NO;
				CLANG_ANALYZER_NONNULL = YES;
				CLANG_ANALYZER_NUMBER_OBJECT_CONVERSION = YES_AGGRESSIVE;
				CLANG_CXX_LANGUAGE_STANDARD = "gnu++20";
				CLANG_ENABLE_MODULES = YES;
				CLANG_ENABLE_OBJC_ARC = YES;
				CLANG_ENABLE_OBJC_WEAK = YES;
				CLANG_WARN_BLOCK_CAPTURE_AUTORELEASING = YES;
				CLANG_WARN_BOOL_CONVERSION = YES;
				CLANG_WARN_COMMA = YES;
				CLANG_WARN_CONSTANT_CONVERSION = YES;
				CLANG_WARN_DEPRECATED_OBJC_IMPLEMENTATIONS = YES;
				CLANG_WARN_DIRECT_OBJC_ISA_USAGE = YES_ERROR;
				CLANG_WARN_DOCUMENTATION_COMMENTS = YES;
				CLANG_WARN_EMPTY_BODY = YES;
				CLANG_WARN_ENUM_CONVERSION = YES;
				CLANG_WARN_INFINITE_RECURSION = YES;
				CLANG_WARN_INT_CONVERSION = YES;
				CLANG_WARN_NON_LITERAL_NULL_CONVERSION = YES;
				CLANG_WARN_OBJC_IMPLICIT_RETAIN_SELF = YES;
				CLANG_WARN_OBJC_LITERAL_CONVERSION = YES;
				CLANG_WARN_OBJC_ROOT_CLASS = YES_ERROR;
				CLANG_WARN_QUOTED_INCLUDE_IN_FRAMEWORK_HEADER = YES;
				CLANG_WARN_RANGE_LOOP_ANALYSIS = YES;
				CLANG_WARN_STRICT_PROTOTYPES = YES;
				CLANG_WARN_SUSPICIOUS_MOVE = YES;
				CLANG_WARN_UNGUARDED_AVAILABILITY = YES_AGGRESSIVE;
				CLANG_WARN_UNREACHABLE_CODE = YES;
				CLANG_WARN__DUPLICATE_METHOD_MATCH = YES;
				COPY_PHASE_STRIP = NO;
				DEBUG_INFORMATION_FORMAT = dwarf;
				ENABLE_STRICT_OBJC_MSGSEND = YES;
				ENABLE_TESTABILITY = YES;
				GCC_C_LANGUAGE_STANDARD = gnu11;
				GCC_DYNAMIC_NO_PIC = NO;
				GCC_NO_COMMON_BLOCKS = YES;
				GCC_OPTIMIZATION_LEVEL = 0;
				GCC_PREPROCESSOR_DEFINITIONS = (
					"DEBUG=1",
					"$(inherited)",
				);
				GCC_WARN_64_TO_32_BIT_CONVERSION = YES;
				GCC_WARN_ABOUT_RETURN_TYPE = YES_ERROR;
				GCC_WARN_UNDECLARED_SELECTOR = YES;
				GCC_WARN_UNINITIALIZED_AUTOS = YES_AGGRESSIVE;
				GCC_WARN_UNUSED_FUNCTION = YES;
				GCC_WARN_UNUSED_VARIABLE = YES;
				IPHONEOS_DEPLOYMENT_TARGET = 15.5;
				MTL_ENABLE_DEBUG_INFO = INCLUDE_SOURCE;
				MTL_FAST_MATH = YES;
				ONLY_ACTIVE_ARCH = YES;
				SDKROOT = iphoneos;
				SWIFT_ACTIVE_COMPILATION_CONDITIONS = DEBUG;
				SWIFT_OPTIMIZATION_LEVEL = "-Onone";
			};
			name = Debug;
		};
		E436846B29B8E49600141ACB /* Release */ = {
			isa = XCBuildConfiguration;
			buildSettings = {
				ALWAYS_SEARCH_USER_PATHS = NO;
				CLANG_ANALYZER_NONNULL = YES;
				CLANG_ANALYZER_NUMBER_OBJECT_CONVERSION = YES_AGGRESSIVE;
				CLANG_CXX_LANGUAGE_STANDARD = "gnu++20";
				CLANG_ENABLE_MODULES = YES;
				CLANG_ENABLE_OBJC_ARC = YES;
				CLANG_ENABLE_OBJC_WEAK = YES;
				CLANG_WARN_BLOCK_CAPTURE_AUTORELEASING = YES;
				CLANG_WARN_BOOL_CONVERSION = YES;
				CLANG_WARN_COMMA = YES;
				CLANG_WARN_CONSTANT_CONVERSION = YES;
				CLANG_WARN_DEPRECATED_OBJC_IMPLEMENTATIONS = YES;
				CLANG_WARN_DIRECT_OBJC_ISA_USAGE = YES_ERROR;
				CLANG_WARN_DOCUMENTATION_COMMENTS = YES;
				CLANG_WARN_EMPTY_BODY = YES;
				CLANG_WARN_ENUM_CONVERSION = YES;
				CLANG_WARN_INFINITE_RECURSION = YES;
				CLANG_WARN_INT_CONVERSION = YES;
				CLANG_WARN_NON_LITERAL_NULL_CONVERSION = YES;
				CLANG_WARN_OBJC_IMPLICIT_RETAIN_SELF = YES;
				CLANG_WARN_OBJC_LITERAL_CONVERSION = YES;
				CLANG_WARN_OBJC_ROOT_CLASS = YES_ERROR;
				CLANG_WARN_QUOTED_INCLUDE_IN_FRAMEWORK_HEADER = YES;
				CLANG_WARN_RANGE_LOOP_ANALYSIS = YES;
				CLANG_WARN_STRICT_PROTOTYPES = YES;
				CLANG_WARN_SUSPICIOUS_MOVE = YES;
				CLANG_WARN_UNGUARDED_AVAILABILITY = YES_AGGRESSIVE;
				CLANG_WARN_UNREACHABLE_CODE = YES;
				CLANG_WARN__DUPLICATE_METHOD_MATCH = YES;
				COPY_PHASE_STRIP = NO;
				DEBUG_INFORMATION_FORMAT = "dwarf-with-dsym";
				ENABLE_NS_ASSERTIONS = NO;
				ENABLE_STRICT_OBJC_MSGSEND = YES;
				GCC_C_LANGUAGE_STANDARD = gnu11;
				GCC_NO_COMMON_BLOCKS = YES;
				GCC_WARN_64_TO_32_BIT_CONVERSION = YES;
				GCC_WARN_ABOUT_RETURN_TYPE = YES_ERROR;
				GCC_WARN_UNDECLARED_SELECTOR = YES;
				GCC_WARN_UNINITIALIZED_AUTOS = YES_AGGRESSIVE;
				GCC_WARN_UNUSED_FUNCTION = YES;
				GCC_WARN_UNUSED_VARIABLE = YES;
				IPHONEOS_DEPLOYMENT_TARGET = 15.5;
				MTL_ENABLE_DEBUG_INFO = NO;
				MTL_FAST_MATH = YES;
				SDKROOT = iphoneos;
				SWIFT_COMPILATION_MODE = wholemodule;
				SWIFT_OPTIMIZATION_LEVEL = "-O";
				VALIDATE_PRODUCT = YES;
			};
			name = Release;
		};
		E436846D29B8E49600141ACB /* Debug */ = {
			isa = XCBuildConfiguration;
			buildSettings = {
				ASSETCATALOG_COMPILER_APPICON_NAME = AppIcon;
				ASSETCATALOG_COMPILER_GLOBAL_ACCENT_COLOR_NAME = AccentColor;
				CODE_SIGN_STYLE = Automatic;
				CURRENT_PROJECT_VERSION = 1;
				GENERATE_INFOPLIST_FILE = YES;
				INFOPLIST_FILE = "test-Circle/Info.plist";
				INFOPLIST_KEY_UIApplicationSupportsIndirectInputEvents = YES;
				INFOPLIST_KEY_UILaunchStoryboardName = LaunchScreen;
				INFOPLIST_KEY_UIMainStoryboardFile = Main;
				INFOPLIST_KEY_UISupportedInterfaceOrientations_iPad = "UIInterfaceOrientationPortrait UIInterfaceOrientationPortraitUpsideDown UIInterfaceOrientationLandscapeLeft UIInterfaceOrientationLandscapeRight";
				INFOPLIST_KEY_UISupportedInterfaceOrientations_iPhone = "UIInterfaceOrientationPortrait UIInterfaceOrientationLandscapeLeft UIInterfaceOrientationLandscapeRight";
				IPHONEOS_DEPLOYMENT_TARGET = 15.5;
				LD_RUNPATH_SEARCH_PATHS = (
					"$(inherited)",
					"@executable_path/Frameworks",
				);
				MARKETING_VERSION = 1.0;
				PRODUCT_BUNDLE_IDENTIFIER = "com.esgi.test-Circle";
				PRODUCT_NAME = "$(TARGET_NAME)";
				SWIFT_EMIT_LOC_STRINGS = YES;
				SWIFT_VERSION = 5.0;
				TARGETED_DEVICE_FAMILY = "1,2";
			};
			name = Debug;
		};
		E436846E29B8E49600141ACB /* Release */ = {
			isa = XCBuildConfiguration;
			buildSettings = {
				ASSETCATALOG_COMPILER_APPICON_NAME = AppIcon;
				ASSETCATALOG_COMPILER_GLOBAL_ACCENT_COLOR_NAME = AccentColor;
				CODE_SIGN_STYLE = Automatic;
				CURRENT_PROJECT_VERSION = 1;
				GENERATE_INFOPLIST_FILE = YES;
				INFOPLIST_FILE = "test-Circle/Info.plist";
				INFOPLIST_KEY_UIApplicationSupportsIndirectInputEvents = YES;
				INFOPLIST_KEY_UILaunchStoryboardName = LaunchScreen;
				INFOPLIST_KEY_UIMainStoryboardFile = Main;
				INFOPLIST_KEY_UISupportedInterfaceOrientations_iPad = "UIInterfaceOrientationPortrait UIInterfaceOrientationPortraitUpsideDown UIInterfaceOrientationLandscapeLeft UIInterfaceOrientationLandscapeRight";
				INFOPLIST_KEY_UISupportedInterfaceOrientations_iPhone = "UIInterfaceOrientationPortrait UIInterfaceOrientationLandscapeLeft UIInterfaceOrientationLandscapeRight";
				IPHONEOS_DEPLOYMENT_TARGET = 15.5;
				LD_RUNPATH_SEARCH_PATHS = (
					"$(inherited)",
					"@executable_path/Frameworks",
				);
				MARKETING_VERSION = 1.0;
				PRODUCT_BUNDLE_IDENTIFIER = "com.esgi.test-Circle";
				PRODUCT_NAME = "$(TARGET_NAME)";
				SWIFT_EMIT_LOC_STRINGS = YES;
				SWIFT_VERSION = 5.0;
				TARGETED_DEVICE_FAMILY = "1,2";
			};
			name = Release;
		};
		E4FE9BAE29B8FED900DD923C /* Debug */ = {
			isa = XCBuildConfiguration;
			buildSettings = {
				BUNDLE_LOADER = "$(TEST_HOST)";
				CODE_SIGN_STYLE = Automatic;
				CURRENT_PROJECT_VERSION = 1;
				GENERATE_INFOPLIST_FILE = YES;
				IPHONEOS_DEPLOYMENT_TARGET = 15.5;
				MARKETING_VERSION = 1.0;
				PRODUCT_BUNDLE_IDENTIFIER = "com.esgi.test-CircleTests";
				PRODUCT_NAME = "$(TARGET_NAME)";
				SWIFT_EMIT_LOC_STRINGS = NO;
				SWIFT_VERSION = 5.0;
				TARGETED_DEVICE_FAMILY = "1,2";
				TEST_HOST = "$(BUILT_PRODUCTS_DIR)/test-Circle.app/$(BUNDLE_EXECUTABLE_FOLDER_PATH)/test-Circle";
			};
			name = Debug;
		};
		E4FE9BAF29B8FED900DD923C /* Release */ = {
			isa = XCBuildConfiguration;
			buildSettings = {
				BUNDLE_LOADER = "$(TEST_HOST)";
				CODE_SIGN_STYLE = Automatic;
				CURRENT_PROJECT_VERSION = 1;
				GENERATE_INFOPLIST_FILE = YES;
				IPHONEOS_DEPLOYMENT_TARGET = 15.5;
				MARKETING_VERSION = 1.0;
				PRODUCT_BUNDLE_IDENTIFIER = "com.esgi.test-CircleTests";
				PRODUCT_NAME = "$(TARGET_NAME)";
				SWIFT_EMIT_LOC_STRINGS = NO;
				SWIFT_VERSION = 5.0;
				TARGETED_DEVICE_FAMILY = "1,2";
				TEST_HOST = "$(BUILT_PRODUCTS_DIR)/test-Circle.app/$(BUNDLE_EXECUTABLE_FOLDER_PATH)/test-Circle";
			};
			name = Release;
		};
/* End XCBuildConfiguration section */

/* Begin XCConfigurationList section */
		E436845329B8E49500141ACB /* Build configuration list for PBXProject "test-Circle" */ = {
			isa = XCConfigurationList;
			buildConfigurations = (
				E436846A29B8E49600141ACB /* Debug */,
				E436846B29B8E49600141ACB /* Release */,
			);
			defaultConfigurationIsVisible = 0;
			defaultConfigurationName = Release;
		};
		E436846C29B8E49600141ACB /* Build configuration list for PBXNativeTarget "test-Circle" */ = {
			isa = XCConfigurationList;
			buildConfigurations = (
				E436846D29B8E49600141ACB /* Debug */,
				E436846E29B8E49600141ACB /* Release */,
			);
			defaultConfigurationIsVisible = 0;
			defaultConfigurationName = Release;
		};
		E4FE9BB029B8FED900DD923C /* Build configuration list for PBXNativeTarget "test-CircleTests" */ = {
			isa = XCConfigurationList;
			buildConfigurations = (
				E4FE9BAE29B8FED900DD923C /* Debug */,
				E4FE9BAF29B8FED900DD923C /* Release */,
			);
			defaultConfigurationIsVisible = 0;
			defaultConfigurationName = Release;
		};
/* End XCConfigurationList section */
	};
	rootObject = E436845029B8E49500141ACB /* Project object */;
}
